
Microsoft Visual Studio Solution File, Format Version 12.00
# Visual Studio 15
VisualStudioVersion = 15.0.27703.2026
MinimumVisualStudioVersion = 10.0.40219.1
Project("{E24C65DC-7377-472B-9ABA-BC803B73C61A}") = "MTRBuyTicket", ".", "{90EF24FD-0E78-4293-AE17-B2DE5BFEB83D}"
	ProjectSection(WebsiteProperties) = preProject
		TargetFrameworkMoniker = ".NETFramework,Version%3Dv4.0"
		Debug.AspNetCompiler.VirtualPath = "/localhost_13823"
		Debug.AspNetCompiler.PhysicalPath = "..\MTRBuyTicket\"
		Debug.AspNetCompiler.TargetPath = "PrecompiledWeb\localhost_13823\"
		Debug.AspNetCompiler.Updateable = "true"
		Debug.AspNetCompiler.ForceOverwrite = "true"
		Debug.AspNetCompiler.FixedNames = "false"
		Debug.AspNetCompiler.Debug = "True"
		Release.AspNetCompiler.VirtualPath = "/localhost_13823"
		Release.AspNetCompiler.PhysicalPath = "..\MTRBuyTicket\"
		Release.AspNetCompiler.TargetPath = "PrecompiledWeb\localhost_13823\"
		Release.AspNetCompiler.Updateable = "true"
		Release.AspNetCompiler.ForceOverwrite = "true"
		Release.AspNetCompiler.FixedNames = "false"
		Release.AspNetCompiler.Debug = "False"
		VWDPort = "13823"
		SlnRelativePath = "..\MTRBuyTicket\"
	EndProjectSection
EndProject
Global
	GlobalSection(SolutionConfigurationPlatforms) = preSolution
		Debug|Any CPU = Debug|Any CPU
	EndGlobalSection
	GlobalSection(ProjectConfigurationPlatforms) = postSolution
		{90EF24FD-0E78-4293-AE17-B2DE5BFEB83D}.Debug|Any CPU.ActiveCfg = Debug|Any CPU
		{90EF24FD-0E78-4293-AE17-B2DE5BFEB83D}.Debug|Any CPU.Build.0 = Debug|Any CPU
	EndGlobalSection
	GlobalSection(SolutionProperties) = preSolution
		HideSolutionNode = FALSE
	EndGlobalSection
	GlobalSection(ExtensibilityGlobals) = postSolution
		SolutionGuid = {2EEFEDB4-5A57-4188-B755-BA4CF14B6164}
	EndGlobalSection
EndGlobal
